
Microsoft Visual Studio Solution File, Format Version 12.00
# Visual Studio Version 16
VisualStudioVersion = 16.0.31829.152
MinimumVisualStudioVersion = 10.0.40219.1
Project("{FAE04EC0-301F-11D3-BF4B-00C04F79EFBC}") = "Lab_9", "Lab_9\Lab_9.csproj", "{B4CB58C8-0C64-4FA0-BCFF-EB0FD3884090}"
EndProject
Global
	GlobalSection(SolutionConfigurationPlatforms) = preSolution
		Debug|Any CPU = Debug|Any CPU
		Release|Any CPU = Release|Any CPU
	EndGlobalSection
	GlobalSection(ProjectConfigurationPlatforms) = postSolution
		{B4CB58C8-0C64-4FA0-BCFF-EB0FD3884090}.Debug|Any CPU.ActiveCfg = Debug|Any CPU
		{B4CB58C8-0C64-4FA0-BCFF-EB0FD3884090}.Debug|Any CPU.Build.0 = Debug|Any CPU
		{B4CB58C8-0C64-4FA0-BCFF-EB0FD3884090}.Release|Any CPU.ActiveCfg = Release|Any CPU
		{B4CB58C8-0C64-4FA0-BCFF-EB0FD3884090}.Release|Any CPU.Build.0 = Release|Any CPU
	EndGlobalSection
	GlobalSection(SolutionProperties) = preSolution
		HideSolutionNode = FALSE
	EndGlobalSection
	GlobalSection(ExtensibilityGlobals) = postSolution
		SolutionGuid = {1131FEED-A269-4D8F-BCE7-C7B80612F059}
	EndGlobalSection
EndGlobal
